# This file is @generated by PDM.
# It is not intended for manual editing.

[metadata]
groups = ["default"]
strategy = ["cross_platform", "inherit_metadata"]
lock_version = "4.4.2"
content_hash = "sha256:2eda6bc6ae8205ef714e230eb8132e0baa2236e8191e9de7b66c66aaeb4d2b80"

[[package]]
name = "donzo-divide"
version = "0.1.0"
requires_python = ">=3.9"
summary = "Default template for PDM package"
groups = ["default"]
files = [
    {file = "donzo_divide-0.1.0-py3-none-any.whl", hash = "sha256:0da2630dfdda03f24923118b9aacd4e85a1934d0bcc123b7abf7dc60e5a164a1"},
    {file = "donzo_divide-0.1.0.tar.gz", hash = "sha256:487acbb173572f3f99f5deb5a5622735a2df17390526f8faad1e1924e506d72f"},
]

[[package]]
name = "donzo-multiple"
version = "0.1.1"
requires_python = ">=3.9"
summary = "Default template for PDM package"
groups = ["default"]
files = [
    {file = "donzo_multiple-0.1.1-py3-none-any.whl", hash = "sha256:67eb934e4c85b13669ee2fd5ee1c2a53964a0c83d9b04e7151664f3fe33fe3d1"},
    {file = "donzo_multiple-0.1.1.tar.gz", hash = "sha256:23ca3373c8bc85894530c51c3892c941a7c65903f765b72f2f503e0e9010fdcf"},
]

[[package]]
name = "donzo-plus"
version = "0.1.1"
requires_python = ">=3.9"
summary = "Default template for PDM package"
groups = ["default"]
files = [
    {file = "donzo_plus-0.1.1-py3-none-any.whl", hash = "sha256:cc281ec79831af5b6152eee9888557f13bd71c4f92a09d5a32353b2080b5fa68"},
    {file = "donzo_plus-0.1.1.tar.gz", hash = "sha256:a4cd5872a53c1f5111210355ac98cd8a074f03da1b3048ab7d66b52b8ecdc83c"},
]
